# @generated by Move, please check-in and do not edit manually.

[move]
version = 3
manifest_digest = "C54A0982F6F84D0455B7BEDBB8E48F5DDAFD4393665DB62ADF10554FC46C2AA7"
deps_digest = "F8BBB0CCB2491CA29A3DF03D6F92277A4F3574266507ACD77214D37ECA3F3082"
dependencies = [
  { id = "Sui", name = "Sui" },
]

[[move.package]]
id = "MoveStdlib"
source = { git = "https://github.com/MystenLabs/sui.git", rev = "framework/testnet", subdir = "crates/sui-framework/packages/move-stdlib" }

[[move.package]]
id = "Sui"
source = { git = "https://github.com/MystenLabs/sui.git", rev = "framework/testnet", subdir = "crates/sui-framework/packages/sui-framework" }

dependencies = [
  { id = "MoveStdlib", name = "MoveStdlib" },
]

[move.toolchain-version]
compiler-version = "1.48.0"
edition = "2024.beta"
flavor = "sui"

[env]

[env.testnet]
chain-id = "4c78adac"
original-published-id = "0x5228caa548d4277ed17ac2d0624883053b26b829c756993541a5bb9cc39f486d"
latest-published-id = "0x5228caa548d4277ed17ac2d0624883053b26b829c756993541a5bb9cc39f486d"
published-version = "1"
